
Microsoft Visual Studio Solution File, Format Version 12.00
# Visual Studio Version 16
VisualStudioVersion = 16.0.35026.282
MinimumVisualStudioVersion = 10.0.40219.1
Project("{FAE04EC0-301F-11D3-BF4B-00C04F79EFBC}") = "QL_CuaHang_MayTinh_App", "QL_CuaHang_MayTinh_App\QL_CuaHang_MayTinh_App.csproj", "{A2CAEF6A-CCBE-4A5E-9AB5-1C47954A28B0}"
EndProject
Project("{FAE04EC0-301F-11D3-BF4B-00C04F79EFBC}") = "Custom_UC", "CustomControl\Custom_UC.csproj", "{24E5058F-0FED-4D45-B5EE-68499130E91D}"
EndProject
Project("{FAE04EC0-301F-11D3-BF4B-00C04F79EFBC}") = "Custom_Controls", "Custom_Controls\Custom_Controls.csproj", "{1770A59F-CC12-4404-B1E1-91ACE7119499}"
EndProject
Project("{FAE04EC0-301F-11D3-BF4B-00C04F79EFBC}") = "BUS", "BUS\BUS.csproj", "{5C9FA3F7-6D45-4934-AC09-24F5B7226B32}"
EndProject
Project("{FAE04EC0-301F-11D3-BF4B-00C04F79EFBC}") = "DTO", "DTO\DTO.csproj", "{EDA18A5E-66C7-4304-983F-EC6C887CA87C}"
EndProject
Project("{FAE04EC0-301F-11D3-BF4B-00C04F79EFBC}") = "DAO", "DAO\DAO.csproj", "{0D293701-68CA-43F5-868D-823022522446}"
EndProject
Project("{2150E333-8FDC-42A3-9474-1A3956D46DE8}") = "Solution Items", "Solution Items", "{2264B001-70C2-4FD3-A60E-E6C3309FB6B0}"
	ProjectSection(SolutionItems) = preProject
		README.md = README.md
	EndProjectSection
EndProject
Global
	GlobalSection(SolutionConfigurationPlatforms) = preSolution
		Debug|Any CPU = Debug|Any CPU
		Release|Any CPU = Release|Any CPU
	EndGlobalSection
	GlobalSection(ProjectConfigurationPlatforms) = postSolution
		{A2CAEF6A-CCBE-4A5E-9AB5-1C47954A28B0}.Debug|Any CPU.ActiveCfg = Debug|Any CPU
		{A2CAEF6A-CCBE-4A5E-9AB5-1C47954A28B0}.Debug|Any CPU.Build.0 = Debug|Any CPU
		{A2CAEF6A-CCBE-4A5E-9AB5-1C47954A28B0}.Release|Any CPU.ActiveCfg = Release|Any CPU
		{A2CAEF6A-CCBE-4A5E-9AB5-1C47954A28B0}.Release|Any CPU.Build.0 = Release|Any CPU
		{24E5058F-0FED-4D45-B5EE-68499130E91D}.Debug|Any CPU.ActiveCfg = Debug|Any CPU
		{24E5058F-0FED-4D45-B5EE-68499130E91D}.Debug|Any CPU.Build.0 = Debug|Any CPU
		{24E5058F-0FED-4D45-B5EE-68499130E91D}.Release|Any CPU.ActiveCfg = Release|Any CPU
		{24E5058F-0FED-4D45-B5EE-68499130E91D}.Release|Any CPU.Build.0 = Release|Any CPU
		{1770A59F-CC12-4404-B1E1-91ACE7119499}.Debug|Any CPU.ActiveCfg = Debug|Any CPU
		{1770A59F-CC12-4404-B1E1-91ACE7119499}.Debug|Any CPU.Build.0 = Debug|Any CPU
		{1770A59F-CC12-4404-B1E1-91ACE7119499}.Release|Any CPU.ActiveCfg = Release|Any CPU
		{1770A59F-CC12-4404-B1E1-91ACE7119499}.Release|Any CPU.Build.0 = Release|Any CPU
		{5C9FA3F7-6D45-4934-AC09-24F5B7226B32}.Debug|Any CPU.ActiveCfg = Debug|Any CPU
		{5C9FA3F7-6D45-4934-AC09-24F5B7226B32}.Debug|Any CPU.Build.0 = Debug|Any CPU
		{5C9FA3F7-6D45-4934-AC09-24F5B7226B32}.Release|Any CPU.ActiveCfg = Release|Any CPU
		{5C9FA3F7-6D45-4934-AC09-24F5B7226B32}.Release|Any CPU.Build.0 = Release|Any CPU
		{EDA18A5E-66C7-4304-983F-EC6C887CA87C}.Debug|Any CPU.ActiveCfg = Debug|Any CPU
		{EDA18A5E-66C7-4304-983F-EC6C887CA87C}.Debug|Any CPU.Build.0 = Debug|Any CPU
		{EDA18A5E-66C7-4304-983F-EC6C887CA87C}.Release|Any CPU.ActiveCfg = Release|Any CPU
		{EDA18A5E-66C7-4304-983F-EC6C887CA87C}.Release|Any CPU.Build.0 = Release|Any CPU
		{0D293701-68CA-43F5-868D-823022522446}.Debug|Any CPU.ActiveCfg = Debug|Any CPU
		{0D293701-68CA-43F5-868D-823022522446}.Debug|Any CPU.Build.0 = Debug|Any CPU
		{0D293701-68CA-43F5-868D-823022522446}.Release|Any CPU.ActiveCfg = Release|Any CPU
		{0D293701-68CA-43F5-868D-823022522446}.Release|Any CPU.Build.0 = Release|Any CPU
	EndGlobalSection
	GlobalSection(SolutionProperties) = preSolution
		HideSolutionNode = FALSE
	EndGlobalSection
	GlobalSection(ExtensibilityGlobals) = postSolution
		SolutionGuid = {911F4E38-BBCC-45EA-967B-0A9566DFDD75}
	EndGlobalSection
EndGlobal
